{
  "version": 4,
  "terraform_version": "1.3.9",
  "serial": 3,
  "lineage": "bd1730c5-523c-3ca3-22f0-10700950fcbd",
  "outputs": {},
  "resources": [
    {
      "mode": "managed",
      "type": "google_filestore_instance",
      "name": "filestore-instance",
      "provider": "provider[\"registry.terraform.io/hashicorp/google\"]",
      "instances": [
        {
          "schema_version": 1,
          "attributes": {
            "create_time": "2023-04-12T14:20:40.740419927Z",
            "description": "",
            "etag": "",
            "file_shares": [
              {
                "capacity_gb": 1024,
                "name": "mycustomshare",
                "nfs_export_options": [],
                "source_backup": ""
              }
            ],
            "id": "projects/shashanktesting/locations/us-central1-a/instances/my-filestore-instance",
            "kms_key_name": "",
            "labels": null,
            "location": "us-central1-a",
            "name": "my-filestore-instance",
            "networks": [
              {
                "connect_mode": "DIRECT_PEERING",
                "ip_addresses": [
                  "10.94.48.154"
                ],
                "modes": [
                  "MODE_IPV4"
                ],
                "network": "default",
                "reserved_ip_range": "10.94.48.152/29"
              }
            ],
            "project": "shashanktesting",
            "tier": "BASIC_HDD",
            "timeouts": null,
            "zone": null
          },
          "sensitive_attributes": [],
          "private": "eyJlMmJmYjczMC1lY2FhLTExZTYtOGY4OC0zNDM2M2JjN2M0YzAiOnsiY3JlYXRlIjoxMjAwMDAwMDAwMDAwLCJkZWxldGUiOjEyMDAwMDAwMDAwMDAsInVwZGF0ZSI6MTIwMDAwMDAwMDAwMH0sInNjaGVtYV92ZXJzaW9uIjoiMSJ9"
        }
      ]
    }
  ],
  "check_results": null
}
